
Microsoft Visual Studio Solution File, Format Version 12.00
# Visual Studio 15
VisualStudioVersion = 15.0.28307.136
MinimumVisualStudioVersion = 10.0.40219.1
Project("{9A19103F-16F7-4668-BE54-9A1E7A4F7556}") = "MTSocialClubWebSite", "MTSocialClubWebSite\MTSocialClubWebSite.csproj", "{63FB8169-EF97-4081-9F4E-9DE2E234D221}"
EndProject
Project("{2150E333-8FDC-42A3-9474-1A3956D46DE8}") = "Documentation", "Documentation", "{BC1DC758-FCBF-4EE0-AE58-1F894C9D8C43}"
	ProjectSection(SolutionItems) = preProject
		Documentation\MT Socail Club Form SS-4 Application for EIN.pdf = Documentation\MT Socail Club Form SS-4 Application for EIN.pdf
		Documentation\MT Social Club Budget 2019.xlsx = Documentation\MT Social Club Budget 2019.xlsx
		Documentation\MT Social Club ByLaws.txt = Documentation\MT Social Club ByLaws.txt
		Documentation\MT Social Club IRS Form 1024 Application for Recognition of Exemption.pdf = Documentation\MT Social Club IRS Form 1024 Application for Recognition of Exemption.pdf
		Documentation\MT Social Club Ledger 2018.xlsx = Documentation\MT Social Club Ledger 2018.xlsx
		Documentation\MT Social Club Ltd. Articles of Incorporation.pdf = Documentation\MT Social Club Ltd. Articles of Incorporation.pdf
		Documentation\MT Social Club Provisions filed along with Articles of Incorporation.docx = Documentation\MT Social Club Provisions filed along with Articles of Incorporation.docx
		Documentation\next steps.md = Documentation\next steps.md
		Documentation\ReadMe.md = Documentation\ReadMe.md
		Documentation\toc.yml = Documentation\toc.yml
	EndProjectSection
EndProject
Project("{2150E333-8FDC-42A3-9474-1A3956D46DE8}") = "DocFx", "DocFx", "{DDCF8A88-23AD-41ED-A39B-B5DACE6CD149}"
EndProject
Project("{2150E333-8FDC-42A3-9474-1A3956D46DE8}") = "Solution Items", "Solution Items", "{7F6B846E-793D-4948-9E22-6243E7589940}"
	ProjectSection(SolutionItems) = preProject
		.gitignore = .gitignore
		index.md = index.md
		LICENSE = LICENSE
		README.md = README.md
		toc.yml = toc.yml
	EndProjectSection
EndProject
Project("{2150E333-8FDC-42A3-9474-1A3956D46DE8}") = "SurveyMonkey", "SurveyMonkey", "{DBFD5402-27A0-47D0-9C27-14F7F2FB12F7}"
	ProjectSection(SolutionItems) = preProject
		SurveyMonkey\MTSocialClubInitialSurvey.url = SurveyMonkey\MTSocialClubInitialSurvey.url
	EndProjectSection
EndProject
Global
	GlobalSection(SolutionConfigurationPlatforms) = preSolution
		Debug|Any CPU = Debug|Any CPU
		Release|Any CPU = Release|Any CPU
	EndGlobalSection
	GlobalSection(ProjectConfigurationPlatforms) = postSolution
		{63FB8169-EF97-4081-9F4E-9DE2E234D221}.Debug|Any CPU.ActiveCfg = Debug|Any CPU
		{63FB8169-EF97-4081-9F4E-9DE2E234D221}.Debug|Any CPU.Build.0 = Debug|Any CPU
		{63FB8169-EF97-4081-9F4E-9DE2E234D221}.Release|Any CPU.ActiveCfg = Release|Any CPU
		{63FB8169-EF97-4081-9F4E-9DE2E234D221}.Release|Any CPU.Build.0 = Release|Any CPU
	EndGlobalSection
	GlobalSection(SolutionProperties) = preSolution
		HideSolutionNode = FALSE
	EndGlobalSection
	GlobalSection(ExtensibilityGlobals) = postSolution
		SolutionGuid = {89295610-477B-4EC2-A528-6EE5370136BD}
	EndGlobalSection
EndGlobal
